
Microsoft Visual Studio Solution File, Format Version 12.00
# Visual Studio Version 16
VisualStudioVersion = 16.0.32901.82
MinimumVisualStudioVersion = 10.0.40219.1
Project("{FAE04EC0-301F-11D3-BF4B-00C04F79EFBC}") = "ConsoleApp4", "ConsoleApp4\ConsoleApp4.csproj", "{9AFE9262-EBAD-4FA6-B730-67C472463E64}"
EndProject
Project("{FAE04EC0-301F-11D3-BF4B-00C04F79EFBC}") = "FaceUI", "FaceUI\FaceUI.csproj", "{70D1E137-2A4D-4DEC-8511-49E6721FA682}"
EndProject
Global
	GlobalSection(SolutionConfigurationPlatforms) = preSolution
		Debug|Any CPU = Debug|Any CPU
		Release|Any CPU = Release|Any CPU
	EndGlobalSection
	GlobalSection(ProjectConfigurationPlatforms) = postSolution
		{9AFE9262-EBAD-4FA6-B730-67C472463E64}.Debug|Any CPU.ActiveCfg = Debug|Any CPU
		{9AFE9262-EBAD-4FA6-B730-67C472463E64}.Debug|Any CPU.Build.0 = Debug|Any CPU
		{9AFE9262-EBAD-4FA6-B730-67C472463E64}.Release|Any CPU.ActiveCfg = Release|Any CPU
		{9AFE9262-EBAD-4FA6-B730-67C472463E64}.Release|Any CPU.Build.0 = Release|Any CPU
		{70D1E137-2A4D-4DEC-8511-49E6721FA682}.Debug|Any CPU.ActiveCfg = Debug|Any CPU
		{70D1E137-2A4D-4DEC-8511-49E6721FA682}.Debug|Any CPU.Build.0 = Debug|Any CPU
		{70D1E137-2A4D-4DEC-8511-49E6721FA682}.Release|Any CPU.ActiveCfg = Release|Any CPU
		{70D1E137-2A4D-4DEC-8511-49E6721FA682}.Release|Any CPU.Build.0 = Release|Any CPU
	EndGlobalSection
	GlobalSection(SolutionProperties) = preSolution
		HideSolutionNode = FALSE
	EndGlobalSection
	GlobalSection(ExtensibilityGlobals) = postSolution
		SolutionGuid = {7F1DE441-92C5-4ED9-BED5-893E6E497FFA}
	EndGlobalSection
EndGlobal
